
Microsoft Visual Studio Solution File, Format Version 12.00
# Visual Studio 15
VisualStudioVersion = 15.0.27703.2042
MinimumVisualStudioVersion = 10.0.40219.1
Project("{FAE04EC0-301F-11D3-BF4B-00C04F79EFBC}") = "DrMuscle.Droid", "DrMuscle\DrMuscle.Droid\DrMuscle.Droid.csproj", "{B312BAC9-C489-4133-A4C5-7952A125BBC5}"
EndProject
Project("{FAE04EC0-301F-11D3-BF4B-00C04F79EFBC}") = "DrMuscle.iOS", "DrMuscle\DrMuscle.iOS\DrMuscle.iOS.csproj", "{E3261BAB-F82E-4BF7-AFDC-64F3EB488B78}"
EndProject
Project("{FAE04EC0-301F-11D3-BF4B-00C04F79EFBC}") = "DrMuscleWebApiSharedModel", "DrMuscleWebApiSharedModel\DrMuscleWebApiSharedModel\DrMuscleWebApiSharedModel.csproj", "{B4E17091-29B9-41E6-8DE5-7F6CD8C13E51}"
EndProject
Project("{2150E333-8FDC-42A3-9474-1A3956D46DE8}") = "Solution Items", "Solution Items", "{7E827725-41CB-4B61-B42A-808AE7F1E35F}"
	ProjectSection(SolutionItems) = preProject
		.vs\config\applicationhost.config = .vs\config\applicationhost.config
	EndProjectSection
EndProject
Project("{FAE04EC0-301F-11D3-BF4B-00C04F79EFBC}") = "CATest", "CATest\CATest.csproj", "{DCA36025-F01B-4CA2-A0A2-8818DECC4D2B}"
EndProject
Project("{FAE04EC0-301F-11D3-BF4B-00C04F79EFBC}") = "DrMuscleWatch.WatchOSApp", "DrMuscleWatch\DrMuscleWatch.WatchOSApp\DrMuscleWatch.WatchOSApp.csproj", "{15C97B55-2876-44EC-B41A-DC9E32F9CF52}"
EndProject
Project("{FAE04EC0-301F-11D3-BF4B-00C04F79EFBC}") = "DrMuscleWatch.WatchOSExtension", "DrMuscleWatch\DrMuscleWatch.WatchOSExtension\DrMuscleWatch.WatchOSExtension.csproj", "{746A5706-CF13-47CB-93E1-A18E38A05383}"
EndProject
Project("{FAE04EC0-301F-11D3-BF4B-00C04F79EFBC}") = "DrMuscle", "DrMuscle\DrMuscle\DrMuscle.csproj", "{BE1EE65E-49AA-451B-843C-40477246DB1B}"
EndProject
Project("{FAE04EC0-301F-11D3-BF4B-00C04F79EFBC}") = "DrMuscleWear", "DrMuscleWear\DrMuscleWear\DrMuscleWear.csproj", "{D651CAE5-40D5-4645-AC67-9276422FFAAF}"
EndProject
Global
	GlobalSection(SolutionConfigurationPlatforms) = preSolution
		Ad-Hoc|Any CPU = Ad-Hoc|Any CPU
		Ad-Hoc|ARM = Ad-Hoc|ARM
		Ad-Hoc|iPhone = Ad-Hoc|iPhone
		Ad-Hoc|iPhoneSimulator = Ad-Hoc|iPhoneSimulator
		Ad-Hoc|x64 = Ad-Hoc|x64
		Ad-Hoc|x86 = Ad-Hoc|x86
		AppStore|Any CPU = AppStore|Any CPU
		AppStore|ARM = AppStore|ARM
		AppStore|iPhone = AppStore|iPhone
		AppStore|iPhoneSimulator = AppStore|iPhoneSimulator
		AppStore|x64 = AppStore|x64
		AppStore|x86 = AppStore|x86
		Debug|Any CPU = Debug|Any CPU
		Debug|ARM = Debug|ARM
		Debug|iPhone = Debug|iPhone
		Debug|iPhoneSimulator = Debug|iPhoneSimulator
		Debug|x64 = Debug|x64
		Debug|x86 = Debug|x86
		Release|Any CPU = Release|Any CPU
		Release|ARM = Release|ARM
		Release|iPhone = Release|iPhone
		Release|iPhoneSimulator = Release|iPhoneSimulator
		Release|x64 = Release|x64
		Release|x86 = Release|x86
	EndGlobalSection
	GlobalSection(ProjectConfigurationPlatforms) = postSolution
		{B312BAC9-C489-4133-A4C5-7952A125BBC5}.Ad-Hoc|Any CPU.ActiveCfg = Release|Any CPU
		{B312BAC9-C489-4133-A4C5-7952A125BBC5}.Ad-Hoc|Any CPU.Build.0 = Release|Any CPU
		{B312BAC9-C489-4133-A4C5-7952A125BBC5}.Ad-Hoc|Any CPU.Deploy.0 = Release|Any CPU
		{B312BAC9-C489-4133-A4C5-7952A125BBC5}.Ad-Hoc|ARM.ActiveCfg = Release|Any CPU
		{B312BAC9-C489-4133-A4C5-7952A125BBC5}.Ad-Hoc|ARM.Build.0 = Release|Any CPU
		{B312BAC9-C489-4133-A4C5-7952A125BBC5}.Ad-Hoc|ARM.Deploy.0 = Release|Any CPU
		{B312BAC9-C489-4133-A4C5-7952A125BBC5}.Ad-Hoc|iPhone.ActiveCfg = Release|Any CPU
		{B312BAC9-C489-4133-A4C5-7952A125BBC5}.Ad-Hoc|iPhone.Build.0 = Release|Any CPU
		{B312BAC9-C489-4133-A4C5-7952A125BBC5}.Ad-Hoc|iPhone.Deploy.0 = Release|Any CPU
		{B312BAC9-C489-4133-A4C5-7952A125BBC5}.Ad-Hoc|iPhoneSimulator.ActiveCfg = Release|Any CPU
		{B312BAC9-C489-4133-A4C5-7952A125BBC5}.Ad-Hoc|iPhoneSimulator.Build.0 = Release|Any CPU
		{B312BAC9-C489-4133-A4C5-7952A125BBC5}.Ad-Hoc|iPhoneSimulator.Deploy.0 = Release|Any CPU
		{B312BAC9-C489-4133-A4C5-7952A125BBC5}.Ad-Hoc|x64.ActiveCfg = Release|Any CPU
		{B312BAC9-C489-4133-A4C5-7952A125BBC5}.Ad-Hoc|x64.Build.0 = Release|Any CPU
		{B312BAC9-C489-4133-A4C5-7952A125BBC5}.Ad-Hoc|x64.Deploy.0 = Release|Any CPU
		{B312BAC9-C489-4133-A4C5-7952A125BBC5}.Ad-Hoc|x86.ActiveCfg = Release|Any CPU
		{B312BAC9-C489-4133-A4C5-7952A125BBC5}.Ad-Hoc|x86.Build.0 = Release|Any CPU
		{B312BAC9-C489-4133-A4C5-7952A125BBC5}.Ad-Hoc|x86.Deploy.0 = Release|Any CPU
		{B312BAC9-C489-4133-A4C5-7952A125BBC5}.AppStore|Any CPU.ActiveCfg = Release|Any CPU
		{B312BAC9-C489-4133-A4C5-7952A125BBC5}.AppStore|Any CPU.Build.0 = Release|Any CPU
		{B312BAC9-C489-4133-A4C5-7952A125BBC5}.AppStore|Any CPU.Deploy.0 = Release|Any CPU
		{B312BAC9-C489-4133-A4C5-7952A125BBC5}.AppStore|ARM.ActiveCfg = Release|Any CPU
		{B312BAC9-C489-4133-A4C5-7952A125BBC5}.AppStore|ARM.Build.0 = Release|Any CPU
		{B312BAC9-C489-4133-A4C5-7952A125BBC5}.AppStore|ARM.Deploy.0 = Release|Any CPU
		{B312BAC9-C489-4133-A4C5-7952A125BBC5}.AppStore|iPhone.ActiveCfg = Release|Any CPU
		{B312BAC9-C489-4133-A4C5-7952A125BBC5}.AppStore|iPhone.Build.0 = Release|Any CPU
		{B312BAC9-C489-4133-A4C5-7952A125BBC5}.AppStore|iPhone.Deploy.0 = Release|Any CPU
		{B312BAC9-C489-4133-A4C5-7952A125BBC5}.AppStore|iPhoneSimulator.ActiveCfg = Release|Any CPU
		{B312BAC9-C489-4133-A4C5-7952A125BBC5}.AppStore|iPhoneSimulator.Build.0 = Release|Any CPU
		{B312BAC9-C489-4133-A4C5-7952A125BBC5}.AppStore|iPhoneSimulator.Deploy.0 = Release|Any CPU
		{B312BAC9-C489-4133-A4C5-7952A125BBC5}.AppStore|x64.ActiveCfg = Release|Any CPU
		{B312BAC9-C489-4133-A4C5-7952A125BBC5}.AppStore|x64.Build.0 = Release|Any CPU
		{B312BAC9-C489-4133-A4C5-7952A125BBC5}.AppStore|x64.Deploy.0 = Release|Any CPU
		{B312BAC9-C489-4133-A4C5-7952A125BBC5}.AppStore|x86.ActiveCfg = Release|Any CPU
		{B312BAC9-C489-4133-A4C5-7952A125BBC5}.AppStore|x86.Build.0 = Release|Any CPU
		{B312BAC9-C489-4133-A4C5-7952A125BBC5}.AppStore|x86.Deploy.0 = Release|Any CPU
		{B312BAC9-C489-4133-A4C5-7952A125BBC5}.Debug|Any CPU.ActiveCfg = Debug|Any CPU
		{B312BAC9-C489-4133-A4C5-7952A125BBC5}.Debug|Any CPU.Build.0 = Debug|Any CPU
		{B312BAC9-C489-4133-A4C5-7952A125BBC5}.Debug|Any CPU.Deploy.0 = Debug|Any CPU
		{B312BAC9-C489-4133-A4C5-7952A125BBC5}.Debug|ARM.ActiveCfg = Debug|Any CPU
		{B312BAC9-C489-4133-A4C5-7952A125BBC5}.Debug|ARM.Build.0 = Debug|Any CPU
		{B312BAC9-C489-4133-A4C5-7952A125BBC5}.Debug|ARM.Deploy.0 = Debug|Any CPU
		{B312BAC9-C489-4133-A4C5-7952A125BBC5}.Debug|iPhone.ActiveCfg = Debug|Any CPU
		{B312BAC9-C489-4133-A4C5-7952A125BBC5}.Debug|iPhone.Build.0 = Debug|Any CPU
		{B312BAC9-C489-4133-A4C5-7952A125BBC5}.Debug|iPhone.Deploy.0 = Debug|Any CPU
		{B312BAC9-C489-4133-A4C5-7952A125BBC5}.Debug|iPhoneSimulator.ActiveCfg = Debug|Any CPU
		{B312BAC9-C489-4133-A4C5-7952A125BBC5}.Debug|iPhoneSimulator.Build.0 = Debug|Any CPU
		{B312BAC9-C489-4133-A4C5-7952A125BBC5}.Debug|iPhoneSimulator.Deploy.0 = Debug|Any CPU
		{B312BAC9-C489-4133-A4C5-7952A125BBC5}.Debug|x64.ActiveCfg = Debug|Any CPU
		{B312BAC9-C489-4133-A4C5-7952A125BBC5}.Debug|x64.Build.0 = Debug|Any CPU
		{B312BAC9-C489-4133-A4C5-7952A125BBC5}.Debug|x64.Deploy.0 = Debug|Any CPU
		{B312BAC9-C489-4133-A4C5-7952A125BBC5}.Debug|x86.ActiveCfg = Debug|Any CPU
		{B312BAC9-C489-4133-A4C5-7952A125BBC5}.Debug|x86.Build.0 = Debug|Any CPU
		{B312BAC9-C489-4133-A4C5-7952A125BBC5}.Debug|x86.Deploy.0 = Debug|Any CPU
		{B312BAC9-C489-4133-A4C5-7952A125BBC5}.Release|Any CPU.ActiveCfg = Release|Any CPU
		{B312BAC9-C489-4133-A4C5-7952A125BBC5}.Release|Any CPU.Build.0 = Release|Any CPU
		{B312BAC9-C489-4133-A4C5-7952A125BBC5}.Release|Any CPU.Deploy.0 = Release|Any CPU
		{B312BAC9-C489-4133-A4C5-7952A125BBC5}.Release|ARM.ActiveCfg = Release|Any CPU
		{B312BAC9-C489-4133-A4C5-7952A125BBC5}.Release|ARM.Build.0 = Release|Any CPU
		{B312BAC9-C489-4133-A4C5-7952A125BBC5}.Release|ARM.Deploy.0 = Release|Any CPU
		{B312BAC9-C489-4133-A4C5-7952A125BBC5}.Release|iPhone.ActiveCfg = Release|Any CPU
		{B312BAC9-C489-4133-A4C5-7952A125BBC5}.Release|iPhone.Build.0 = Release|Any CPU
		{B312BAC9-C489-4133-A4C5-7952A125BBC5}.Release|iPhone.Deploy.0 = Release|Any CPU
		{B312BAC9-C489-4133-A4C5-7952A125BBC5}.Release|iPhoneSimulator.ActiveCfg = Release|Any CPU
		{B312BAC9-C489-4133-A4C5-7952A125BBC5}.Release|iPhoneSimulator.Build.0 = Release|Any CPU
		{B312BAC9-C489-4133-A4C5-7952A125BBC5}.Release|iPhoneSimulator.Deploy.0 = Release|Any CPU
		{B312BAC9-C489-4133-A4C5-7952A125BBC5}.Release|x64.ActiveCfg = Release|Any CPU
		{B312BAC9-C489-4133-A4C5-7952A125BBC5}.Release|x64.Build.0 = Release|Any CPU
		{B312BAC9-C489-4133-A4C5-7952A125BBC5}.Release|x64.Deploy.0 = Release|Any CPU
		{B312BAC9-C489-4133-A4C5-7952A125BBC5}.Release|x86.ActiveCfg = Release|Any CPU
		{B312BAC9-C489-4133-A4C5-7952A125BBC5}.Release|x86.Build.0 = Release|Any CPU
		{B312BAC9-C489-4133-A4C5-7952A125BBC5}.Release|x86.Deploy.0 = Release|Any CPU
		{E3261BAB-F82E-4BF7-AFDC-64F3EB488B78}.Ad-Hoc|Any CPU.ActiveCfg = Ad-Hoc|iPhone
		{E3261BAB-F82E-4BF7-AFDC-64F3EB488B78}.Ad-Hoc|ARM.ActiveCfg = Ad-Hoc|iPhone
		{E3261BAB-F82E-4BF7-AFDC-64F3EB488B78}.Ad-Hoc|iPhone.ActiveCfg = Ad-Hoc|iPhone
		{E3261BAB-F82E-4BF7-AFDC-64F3EB488B78}.Ad-Hoc|iPhone.Build.0 = Ad-Hoc|iPhone
		{E3261BAB-F82E-4BF7-AFDC-64F3EB488B78}.Ad-Hoc|iPhoneSimulator.ActiveCfg = Ad-Hoc|iPhoneSimulator
		{E3261BAB-F82E-4BF7-AFDC-64F3EB488B78}.Ad-Hoc|iPhoneSimulator.Build.0 = Ad-Hoc|iPhoneSimulator
		{E3261BAB-F82E-4BF7-AFDC-64F3EB488B78}.Ad-Hoc|x64.ActiveCfg = Ad-Hoc|iPhone
		{E3261BAB-F82E-4BF7-AFDC-64F3EB488B78}.Ad-Hoc|x86.ActiveCfg = Ad-Hoc|iPhone
		{E3261BAB-F82E-4BF7-AFDC-64F3EB488B78}.AppStore|Any CPU.ActiveCfg = AppStore|iPhone
		{E3261BAB-F82E-4BF7-AFDC-64F3EB488B78}.AppStore|ARM.ActiveCfg = AppStore|iPhone
		{E3261BAB-F82E-4BF7-AFDC-64F3EB488B78}.AppStore|iPhone.ActiveCfg = AppStore|iPhone
		{E3261BAB-F82E-4BF7-AFDC-64F3EB488B78}.AppStore|iPhone.Build.0 = AppStore|iPhone
		{E3261BAB-F82E-4BF7-AFDC-64F3EB488B78}.AppStore|iPhoneSimulator.ActiveCfg = AppStore|iPhoneSimulator
		{E3261BAB-F82E-4BF7-AFDC-64F3EB488B78}.AppStore|iPhoneSimulator.Build.0 = AppStore|iPhoneSimulator
		{E3261BAB-F82E-4BF7-AFDC-64F3EB488B78}.AppStore|x64.ActiveCfg = AppStore|iPhone
		{E3261BAB-F82E-4BF7-AFDC-64F3EB488B78}.AppStore|x86.ActiveCfg = AppStore|iPhone
		{E3261BAB-F82E-4BF7-AFDC-64F3EB488B78}.Debug|Any CPU.ActiveCfg = Debug|iPhone
		{E3261BAB-F82E-4BF7-AFDC-64F3EB488B78}.Debug|ARM.ActiveCfg = Debug|iPhone
		{E3261BAB-F82E-4BF7-AFDC-64F3EB488B78}.Debug|iPhone.ActiveCfg = Debug|iPhone
		{E3261BAB-F82E-4BF7-AFDC-64F3EB488B78}.Debug|iPhone.Build.0 = Debug|iPhone
		{E3261BAB-F82E-4BF7-AFDC-64F3EB488B78}.Debug|iPhoneSimulator.ActiveCfg = Debug|iPhoneSimulator
		{E3261BAB-F82E-4BF7-AFDC-64F3EB488B78}.Debug|iPhoneSimulator.Build.0 = Debug|iPhoneSimulator
		{E3261BAB-F82E-4BF7-AFDC-64F3EB488B78}.Debug|x64.ActiveCfg = Debug|iPhone
		{E3261BAB-F82E-4BF7-AFDC-64F3EB488B78}.Debug|x86.ActiveCfg = Debug|iPhone
		{E3261BAB-F82E-4BF7-AFDC-64F3EB488B78}.Release|Any CPU.ActiveCfg = Release|iPhone
		{E3261BAB-F82E-4BF7-AFDC-64F3EB488B78}.Release|ARM.ActiveCfg = Release|iPhone
		{E3261BAB-F82E-4BF7-AFDC-64F3EB488B78}.Release|iPhone.ActiveCfg = Release|iPhone
		{E3261BAB-F82E-4BF7-AFDC-64F3EB488B78}.Release|iPhone.Build.0 = Release|iPhone
		{E3261BAB-F82E-4BF7-AFDC-64F3EB488B78}.Release|iPhoneSimulator.ActiveCfg = Release|iPhoneSimulator
		{E3261BAB-F82E-4BF7-AFDC-64F3EB488B78}.Release|iPhoneSimulator.Build.0 = Release|iPhoneSimulator
		{E3261BAB-F82E-4BF7-AFDC-64F3EB488B78}.Release|x64.ActiveCfg = Release|iPhone
		{E3261BAB-F82E-4BF7-AFDC-64F3EB488B78}.Release|x86.ActiveCfg = Release|iPhone
		{B4E17091-29B9-41E6-8DE5-7F6CD8C13E51}.Ad-Hoc|Any CPU.ActiveCfg = Release|Any CPU
		{B4E17091-29B9-41E6-8DE5-7F6CD8C13E51}.Ad-Hoc|Any CPU.Build.0 = Release|Any CPU
		{B4E17091-29B9-41E6-8DE5-7F6CD8C13E51}.Ad-Hoc|ARM.ActiveCfg = Release|Any CPU
		{B4E17091-29B9-41E6-8DE5-7F6CD8C13E51}.Ad-Hoc|ARM.Build.0 = Release|Any CPU
		{B4E17091-29B9-41E6-8DE5-7F6CD8C13E51}.Ad-Hoc|iPhone.ActiveCfg = Release|Any CPU
		{B4E17091-29B9-41E6-8DE5-7F6CD8C13E51}.Ad-Hoc|iPhone.Build.0 = Release|Any CPU
		{B4E17091-29B9-41E6-8DE5-7F6CD8C13E51}.Ad-Hoc|iPhoneSimulator.ActiveCfg = Release|Any CPU
		{B4E17091-29B9-41E6-8DE5-7F6CD8C13E51}.Ad-Hoc|iPhoneSimulator.Build.0 = Release|Any CPU
		{B4E17091-29B9-41E6-8DE5-7F6CD8C13E51}.Ad-Hoc|x64.ActiveCfg = Release|Any CPU
		{B4E17091-29B9-41E6-8DE5-7F6CD8C13E51}.Ad-Hoc|x64.Build.0 = Release|Any CPU
		{B4E17091-29B9-41E6-8DE5-7F6CD8C13E51}.Ad-Hoc|x86.ActiveCfg = Release|Any CPU
		{B4E17091-29B9-41E6-8DE5-7F6CD8C13E51}.Ad-Hoc|x86.Build.0 = Release|Any CPU
		{B4E17091-29B9-41E6-8DE5-7F6CD8C13E51}.AppStore|Any CPU.ActiveCfg = Release|Any CPU
		{B4E17091-29B9-41E6-8DE5-7F6CD8C13E51}.AppStore|Any CPU.Build.0 = Release|Any CPU
		{B4E17091-29B9-41E6-8DE5-7F6CD8C13E51}.AppStore|ARM.ActiveCfg = Release|Any CPU
		{B4E17091-29B9-41E6-8DE5-7F6CD8C13E51}.AppStore|ARM.Build.0 = Release|Any CPU
		{B4E17091-29B9-41E6-8DE5-7F6CD8C13E51}.AppStore|iPhone.ActiveCfg = Release|Any CPU
		{B4E17091-29B9-41E6-8DE5-7F6CD8C13E51}.AppStore|iPhone.Build.0 = Release|Any CPU
		{B4E17091-29B9-41E6-8DE5-7F6CD8C13E51}.AppStore|iPhoneSimulator.ActiveCfg = Release|Any CPU
		{B4E17091-29B9-41E6-8DE5-7F6CD8C13E51}.AppStore|iPhoneSimulator.Build.0 = Release|Any CPU
		{B4E17091-29B9-41E6-8DE5-7F6CD8C13E51}.AppStore|x64.ActiveCfg = Release|Any CPU
		{B4E17091-29B9-41E6-8DE5-7F6CD8C13E51}.AppStore|x64.Build.0 = Release|Any CPU
		{B4E17091-29B9-41E6-8DE5-7F6CD8C13E51}.AppStore|x86.ActiveCfg = Release|Any CPU
		{B4E17091-29B9-41E6-8DE5-7F6CD8C13E51}.AppStore|x86.Build.0 = Release|Any CPU
		{B4E17091-29B9-41E6-8DE5-7F6CD8C13E51}.Debug|Any CPU.ActiveCfg = Debug|Any CPU
		{B4E17091-29B9-41E6-8DE5-7F6CD8C13E51}.Debug|Any CPU.Build.0 = Debug|Any CPU
		{B4E17091-29B9-41E6-8DE5-7F6CD8C13E51}.Debug|ARM.ActiveCfg = Debug|Any CPU
		{B4E17091-29B9-41E6-8DE5-7F6CD8C13E51}.Debug|ARM.Build.0 = Debug|Any CPU
		{B4E17091-29B9-41E6-8DE5-7F6CD8C13E51}.Debug|iPhone.ActiveCfg = Debug|Any CPU
		{B4E17091-29B9-41E6-8DE5-7F6CD8C13E51}.Debug|iPhone.Build.0 = Debug|Any CPU
		{B4E17091-29B9-41E6-8DE5-7F6CD8C13E51}.Debug|iPhoneSimulator.ActiveCfg = Debug|Any CPU
		{B4E17091-29B9-41E6-8DE5-7F6CD8C13E51}.Debug|iPhoneSimulator.Build.0 = Debug|Any CPU
		{B4E17091-29B9-41E6-8DE5-7F6CD8C13E51}.Debug|x64.ActiveCfg = Debug|Any CPU
		{B4E17091-29B9-41E6-8DE5-7F6CD8C13E51}.Debug|x64.Build.0 = Debug|Any CPU
		{B4E17091-29B9-41E6-8DE5-7F6CD8C13E51}.Debug|x86.ActiveCfg = Debug|Any CPU
		{B4E17091-29B9-41E6-8DE5-7F6CD8C13E51}.Debug|x86.Build.0 = Debug|Any CPU
		{B4E17091-29B9-41E6-8DE5-7F6CD8C13E51}.Release|Any CPU.ActiveCfg = Release|Any CPU
		{B4E17091-29B9-41E6-8DE5-7F6CD8C13E51}.Release|Any CPU.Build.0 = Release|Any CPU
		{B4E17091-29B9-41E6-8DE5-7F6CD8C13E51}.Release|ARM.ActiveCfg = Release|Any CPU
		{B4E17091-29B9-41E6-8DE5-7F6CD8C13E51}.Release|ARM.Build.0 = Release|Any CPU
		{B4E17091-29B9-41E6-8DE5-7F6CD8C13E51}.Release|iPhone.ActiveCfg = Release|Any CPU
		{B4E17091-29B9-41E6-8DE5-7F6CD8C13E51}.Release|iPhone.Build.0 = Release|Any CPU
		{B4E17091-29B9-41E6-8DE5-7F6CD8C13E51}.Release|iPhoneSimulator.ActiveCfg = Release|Any CPU
		{B4E17091-29B9-41E6-8DE5-7F6CD8C13E51}.Release|iPhoneSimulator.Build.0 = Release|Any CPU
		{B4E17091-29B9-41E6-8DE5-7F6CD8C13E51}.Release|x64.ActiveCfg = Release|Any CPU
		{B4E17091-29B9-41E6-8DE5-7F6CD8C13E51}.Release|x64.Build.0 = Release|Any CPU
		{B4E17091-29B9-41E6-8DE5-7F6CD8C13E51}.Release|x86.ActiveCfg = Release|Any CPU
		{B4E17091-29B9-41E6-8DE5-7F6CD8C13E51}.Release|x86.Build.0 = Release|Any CPU
		{DCA36025-F01B-4CA2-A0A2-8818DECC4D2B}.Ad-Hoc|Any CPU.ActiveCfg = Release|Any CPU
		{DCA36025-F01B-4CA2-A0A2-8818DECC4D2B}.Ad-Hoc|Any CPU.Build.0 = Release|Any CPU
		{DCA36025-F01B-4CA2-A0A2-8818DECC4D2B}.Ad-Hoc|ARM.ActiveCfg = Release|Any CPU
		{DCA36025-F01B-4CA2-A0A2-8818DECC4D2B}.Ad-Hoc|ARM.Build.0 = Release|Any CPU
		{DCA36025-F01B-4CA2-A0A2-8818DECC4D2B}.Ad-Hoc|iPhone.ActiveCfg = Release|Any CPU
		{DCA36025-F01B-4CA2-A0A2-8818DECC4D2B}.Ad-Hoc|iPhone.Build.0 = Release|Any CPU
		{DCA36025-F01B-4CA2-A0A2-8818DECC4D2B}.Ad-Hoc|iPhoneSimulator.ActiveCfg = Release|Any CPU
		{DCA36025-F01B-4CA2-A0A2-8818DECC4D2B}.Ad-Hoc|iPhoneSimulator.Build.0 = Release|Any CPU
		{DCA36025-F01B-4CA2-A0A2-8818DECC4D2B}.Ad-Hoc|x64.ActiveCfg = Release|Any CPU
		{DCA36025-F01B-4CA2-A0A2-8818DECC4D2B}.Ad-Hoc|x64.Build.0 = Release|Any CPU
		{DCA36025-F01B-4CA2-A0A2-8818DECC4D2B}.Ad-Hoc|x86.ActiveCfg = Release|Any CPU
		{DCA36025-F01B-4CA2-A0A2-8818DECC4D2B}.Ad-Hoc|x86.Build.0 = Release|Any CPU
		{DCA36025-F01B-4CA2-A0A2-8818DECC4D2B}.AppStore|Any CPU.ActiveCfg = Release|Any CPU
		{DCA36025-F01B-4CA2-A0A2-8818DECC4D2B}.AppStore|Any CPU.Build.0 = Release|Any CPU
		{DCA36025-F01B-4CA2-A0A2-8818DECC4D2B}.AppStore|ARM.ActiveCfg = Release|Any CPU
		{DCA36025-F01B-4CA2-A0A2-8818DECC4D2B}.AppStore|ARM.Build.0 = Release|Any CPU
		{DCA36025-F01B-4CA2-A0A2-8818DECC4D2B}.AppStore|iPhone.ActiveCfg = Release|Any CPU
		{DCA36025-F01B-4CA2-A0A2-8818DECC4D2B}.AppStore|iPhone.Build.0 = Release|Any CPU
		{DCA36025-F01B-4CA2-A0A2-8818DECC4D2B}.AppStore|iPhoneSimulator.ActiveCfg = Release|Any CPU
		{DCA36025-F01B-4CA2-A0A2-8818DECC4D2B}.AppStore|iPhoneSimulator.Build.0 = Release|Any CPU
		{DCA36025-F01B-4CA2-A0A2-8818DECC4D2B}.AppStore|x64.ActiveCfg = Release|Any CPU
		{DCA36025-F01B-4CA2-A0A2-8818DECC4D2B}.AppStore|x64.Build.0 = Release|Any CPU
		{DCA36025-F01B-4CA2-A0A2-8818DECC4D2B}.AppStore|x86.ActiveCfg = Release|Any CPU
		{DCA36025-F01B-4CA2-A0A2-8818DECC4D2B}.AppStore|x86.Build.0 = Release|Any CPU
		{DCA36025-F01B-4CA2-A0A2-8818DECC4D2B}.Debug|Any CPU.ActiveCfg = Debug|Any CPU
		{DCA36025-F01B-4CA2-A0A2-8818DECC4D2B}.Debug|Any CPU.Build.0 = Debug|Any CPU
		{DCA36025-F01B-4CA2-A0A2-8818DECC4D2B}.Debug|ARM.ActiveCfg = Debug|Any CPU
		{DCA36025-F01B-4CA2-A0A2-8818DECC4D2B}.Debug|ARM.Build.0 = Debug|Any CPU
		{DCA36025-F01B-4CA2-A0A2-8818DECC4D2B}.Debug|iPhone.ActiveCfg = Debug|Any CPU
		{DCA36025-F01B-4CA2-A0A2-8818DECC4D2B}.Debug|iPhone.Build.0 = Debug|Any CPU
		{DCA36025-F01B-4CA2-A0A2-8818DECC4D2B}.Debug|iPhoneSimulator.ActiveCfg = Debug|Any CPU
		{DCA36025-F01B-4CA2-A0A2-8818DECC4D2B}.Debug|iPhoneSimulator.Build.0 = Debug|Any CPU
		{DCA36025-F01B-4CA2-A0A2-8818DECC4D2B}.Debug|x64.ActiveCfg = Debug|Any CPU
		{DCA36025-F01B-4CA2-A0A2-8818DECC4D2B}.Debug|x64.Build.0 = Debug|Any CPU
		{DCA36025-F01B-4CA2-A0A2-8818DECC4D2B}.Debug|x86.ActiveCfg = Debug|Any CPU
		{DCA36025-F01B-4CA2-A0A2-8818DECC4D2B}.Debug|x86.Build.0 = Debug|Any CPU
		{DCA36025-F01B-4CA2-A0A2-8818DECC4D2B}.Release|Any CPU.ActiveCfg = Release|Any CPU
		{DCA36025-F01B-4CA2-A0A2-8818DECC4D2B}.Release|Any CPU.Build.0 = Release|Any CPU
		{DCA36025-F01B-4CA2-A0A2-8818DECC4D2B}.Release|ARM.ActiveCfg = Release|Any CPU
		{DCA36025-F01B-4CA2-A0A2-8818DECC4D2B}.Release|ARM.Build.0 = Release|Any CPU
		{DCA36025-F01B-4CA2-A0A2-8818DECC4D2B}.Release|iPhone.ActiveCfg = Release|Any CPU
		{DCA36025-F01B-4CA2-A0A2-8818DECC4D2B}.Release|iPhone.Build.0 = Release|Any CPU
		{DCA36025-F01B-4CA2-A0A2-8818DECC4D2B}.Release|iPhoneSimulator.ActiveCfg = Release|Any CPU
		{DCA36025-F01B-4CA2-A0A2-8818DECC4D2B}.Release|iPhoneSimulator.Build.0 = Release|Any CPU
		{DCA36025-F01B-4CA2-A0A2-8818DECC4D2B}.Release|x64.ActiveCfg = Release|Any CPU
		{DCA36025-F01B-4CA2-A0A2-8818DECC4D2B}.Release|x64.Build.0 = Release|Any CPU
		{DCA36025-F01B-4CA2-A0A2-8818DECC4D2B}.Release|x86.ActiveCfg = Release|Any CPU
		{DCA36025-F01B-4CA2-A0A2-8818DECC4D2B}.Release|x86.Build.0 = Release|Any CPU
		{15C97B55-2876-44EC-B41A-DC9E32F9CF52}.Ad-Hoc|Any CPU.ActiveCfg = Release|iPhone
		{15C97B55-2876-44EC-B41A-DC9E32F9CF52}.Ad-Hoc|Any CPU.Build.0 = Release|iPhone
		{15C97B55-2876-44EC-B41A-DC9E32F9CF52}.Ad-Hoc|ARM.ActiveCfg = Release|iPhone
		{15C97B55-2876-44EC-B41A-DC9E32F9CF52}.Ad-Hoc|ARM.Build.0 = Release|iPhone
		{15C97B55-2876-44EC-B41A-DC9E32F9CF52}.Ad-Hoc|iPhone.ActiveCfg = Release|iPhone
		{15C97B55-2876-44EC-B41A-DC9E32F9CF52}.Ad-Hoc|iPhone.Build.0 = Release|iPhone
		{15C97B55-2876-44EC-B41A-DC9E32F9CF52}.Ad-Hoc|iPhoneSimulator.ActiveCfg = Release|iPhoneSimulator
		{15C97B55-2876-44EC-B41A-DC9E32F9CF52}.Ad-Hoc|iPhoneSimulator.Build.0 = Release|iPhoneSimulator
		{15C97B55-2876-44EC-B41A-DC9E32F9CF52}.Ad-Hoc|x64.ActiveCfg = Release|iPhone
		{15C97B55-2876-44EC-B41A-DC9E32F9CF52}.Ad-Hoc|x64.Build.0 = Release|iPhone
		{15C97B55-2876-44EC-B41A-DC9E32F9CF52}.Ad-Hoc|x86.ActiveCfg = Release|iPhone
		{15C97B55-2876-44EC-B41A-DC9E32F9CF52}.Ad-Hoc|x86.Build.0 = Release|iPhone
		{15C97B55-2876-44EC-B41A-DC9E32F9CF52}.AppStore|Any CPU.ActiveCfg = Release|iPhone
		{15C97B55-2876-44EC-B41A-DC9E32F9CF52}.AppStore|Any CPU.Build.0 = Release|iPhone
		{15C97B55-2876-44EC-B41A-DC9E32F9CF52}.AppStore|ARM.ActiveCfg = Release|iPhone
		{15C97B55-2876-44EC-B41A-DC9E32F9CF52}.AppStore|ARM.Build.0 = Release|iPhone
		{15C97B55-2876-44EC-B41A-DC9E32F9CF52}.AppStore|iPhone.ActiveCfg = Release|iPhone
		{15C97B55-2876-44EC-B41A-DC9E32F9CF52}.AppStore|iPhone.Build.0 = Release|iPhone
		{15C97B55-2876-44EC-B41A-DC9E32F9CF52}.AppStore|iPhoneSimulator.ActiveCfg = Release|iPhone
		{15C97B55-2876-44EC-B41A-DC9E32F9CF52}.AppStore|iPhoneSimulator.Build.0 = Release|iPhone
		{15C97B55-2876-44EC-B41A-DC9E32F9CF52}.AppStore|x64.ActiveCfg = Release|iPhone
		{15C97B55-2876-44EC-B41A-DC9E32F9CF52}.AppStore|x64.Build.0 = Release|iPhone
		{15C97B55-2876-44EC-B41A-DC9E32F9CF52}.AppStore|x86.ActiveCfg = Release|iPhone
		{15C97B55-2876-44EC-B41A-DC9E32F9CF52}.AppStore|x86.Build.0 = Release|iPhone
		{15C97B55-2876-44EC-B41A-DC9E32F9CF52}.Debug|Any CPU.ActiveCfg = Debug|iPhone
		{15C97B55-2876-44EC-B41A-DC9E32F9CF52}.Debug|Any CPU.Build.0 = Debug|iPhone
		{15C97B55-2876-44EC-B41A-DC9E32F9CF52}.Debug|ARM.ActiveCfg = Debug|iPhone
		{15C97B55-2876-44EC-B41A-DC9E32F9CF52}.Debug|ARM.Build.0 = Debug|iPhone
		{15C97B55-2876-44EC-B41A-DC9E32F9CF52}.Debug|iPhone.ActiveCfg = Debug|iPhone
		{15C97B55-2876-44EC-B41A-DC9E32F9CF52}.Debug|iPhone.Build.0 = Debug|iPhone
		{15C97B55-2876-44EC-B41A-DC9E32F9CF52}.Debug|iPhoneSimulator.ActiveCfg = Debug|iPhoneSimulator
		{15C97B55-2876-44EC-B41A-DC9E32F9CF52}.Debug|iPhoneSimulator.Build.0 = Debug|iPhoneSimulator
		{15C97B55-2876-44EC-B41A-DC9E32F9CF52}.Debug|x64.ActiveCfg = Debug|iPhone
		{15C97B55-2876-44EC-B41A-DC9E32F9CF52}.Debug|x64.Build.0 = Debug|iPhone
		{15C97B55-2876-44EC-B41A-DC9E32F9CF52}.Debug|x86.ActiveCfg = Debug|iPhone
		{15C97B55-2876-44EC-B41A-DC9E32F9CF52}.Debug|x86.Build.0 = Debug|iPhone
		{15C97B55-2876-44EC-B41A-DC9E32F9CF52}.Release|Any CPU.ActiveCfg = Release|iPhone
		{15C97B55-2876-44EC-B41A-DC9E32F9CF52}.Release|Any CPU.Build.0 = Release|iPhone
		{15C97B55-2876-44EC-B41A-DC9E32F9CF52}.Release|ARM.ActiveCfg = Release|iPhone
		{15C97B55-2876-44EC-B41A-DC9E32F9CF52}.Release|ARM.Build.0 = Release|iPhone
		{15C97B55-2876-44EC-B41A-DC9E32F9CF52}.Release|iPhone.ActiveCfg = Release|iPhone
		{15C97B55-2876-44EC-B41A-DC9E32F9CF52}.Release|iPhone.Build.0 = Release|iPhone
		{15C97B55-2876-44EC-B41A-DC9E32F9CF52}.Release|iPhoneSimulator.ActiveCfg = Release|iPhoneSimulator
		{15C97B55-2876-44EC-B41A-DC9E32F9CF52}.Release|iPhoneSimulator.Build.0 = Release|iPhoneSimulator
		{15C97B55-2876-44EC-B41A-DC9E32F9CF52}.Release|x64.ActiveCfg = Release|iPhone
		{15C97B55-2876-44EC-B41A-DC9E32F9CF52}.Release|x64.Build.0 = Release|iPhone
		{15C97B55-2876-44EC-B41A-DC9E32F9CF52}.Release|x86.ActiveCfg = Release|iPhone
		{15C97B55-2876-44EC-B41A-DC9E32F9CF52}.Release|x86.Build.0 = Release|iPhone
		{746A5706-CF13-47CB-93E1-A18E38A05383}.Ad-Hoc|Any CPU.ActiveCfg = Release|iPhone
		{746A5706-CF13-47CB-93E1-A18E38A05383}.Ad-Hoc|Any CPU.Build.0 = Release|iPhone
		{746A5706-CF13-47CB-93E1-A18E38A05383}.Ad-Hoc|ARM.ActiveCfg = Release|iPhone
		{746A5706-CF13-47CB-93E1-A18E38A05383}.Ad-Hoc|ARM.Build.0 = Release|iPhone
		{746A5706-CF13-47CB-93E1-A18E38A05383}.Ad-Hoc|iPhone.ActiveCfg = Release|iPhone
		{746A5706-CF13-47CB-93E1-A18E38A05383}.Ad-Hoc|iPhone.Build.0 = Release|iPhone
		{746A5706-CF13-47CB-93E1-A18E38A05383}.Ad-Hoc|iPhoneSimulator.ActiveCfg = Release|iPhoneSimulator
		{746A5706-CF13-47CB-93E1-A18E38A05383}.Ad-Hoc|iPhoneSimulator.Build.0 = Release|iPhoneSimulator
		{746A5706-CF13-47CB-93E1-A18E38A05383}.Ad-Hoc|x64.ActiveCfg = Release|iPhone
		{746A5706-CF13-47CB-93E1-A18E38A05383}.Ad-Hoc|x64.Build.0 = Release|iPhone
		{746A5706-CF13-47CB-93E1-A18E38A05383}.Ad-Hoc|x86.ActiveCfg = Release|iPhone
		{746A5706-CF13-47CB-93E1-A18E38A05383}.Ad-Hoc|x86.Build.0 = Release|iPhone
		{746A5706-CF13-47CB-93E1-A18E38A05383}.AppStore|Any CPU.ActiveCfg = Release|iPhone
		{746A5706-CF13-47CB-93E1-A18E38A05383}.AppStore|Any CPU.Build.0 = Release|iPhone
		{746A5706-CF13-47CB-93E1-A18E38A05383}.AppStore|ARM.ActiveCfg = Release|iPhone
		{746A5706-CF13-47CB-93E1-A18E38A05383}.AppStore|ARM.Build.0 = Release|iPhone
		{746A5706-CF13-47CB-93E1-A18E38A05383}.AppStore|iPhone.ActiveCfg = Release|iPhone
		{746A5706-CF13-47CB-93E1-A18E38A05383}.AppStore|iPhone.Build.0 = Release|iPhone
		{746A5706-CF13-47CB-93E1-A18E38A05383}.AppStore|iPhoneSimulator.ActiveCfg = Release|iPhone
		{746A5706-CF13-47CB-93E1-A18E38A05383}.AppStore|iPhoneSimulator.Build.0 = Release|iPhone
		{746A5706-CF13-47CB-93E1-A18E38A05383}.AppStore|x64.ActiveCfg = Release|iPhone
		{746A5706-CF13-47CB-93E1-A18E38A05383}.AppStore|x64.Build.0 = Release|iPhone
		{746A5706-CF13-47CB-93E1-A18E38A05383}.AppStore|x86.ActiveCfg = Release|iPhone
		{746A5706-CF13-47CB-93E1-A18E38A05383}.AppStore|x86.Build.0 = Release|iPhone
		{746A5706-CF13-47CB-93E1-A18E38A05383}.Debug|Any CPU.ActiveCfg = Debug|iPhone
		{746A5706-CF13-47CB-93E1-A18E38A05383}.Debug|Any CPU.Build.0 = Debug|iPhone
		{746A5706-CF13-47CB-93E1-A18E38A05383}.Debug|ARM.ActiveCfg = Debug|iPhone
		{746A5706-CF13-47CB-93E1-A18E38A05383}.Debug|ARM.Build.0 = Debug|iPhone
		{746A5706-CF13-47CB-93E1-A18E38A05383}.Debug|iPhone.ActiveCfg = Debug|iPhone
		{746A5706-CF13-47CB-93E1-A18E38A05383}.Debug|iPhone.Build.0 = Debug|iPhone
		{746A5706-CF13-47CB-93E1-A18E38A05383}.Debug|iPhoneSimulator.ActiveCfg = Debug|iPhoneSimulator
		{746A5706-CF13-47CB-93E1-A18E38A05383}.Debug|iPhoneSimulator.Build.0 = Debug|iPhoneSimulator
		{746A5706-CF13-47CB-93E1-A18E38A05383}.Debug|x64.ActiveCfg = Debug|iPhone
		{746A5706-CF13-47CB-93E1-A18E38A05383}.Debug|x64.Build.0 = Debug|iPhone
		{746A5706-CF13-47CB-93E1-A18E38A05383}.Debug|x86.ActiveCfg = Debug|iPhone
		{746A5706-CF13-47CB-93E1-A18E38A05383}.Debug|x86.Build.0 = Debug|iPhone
		{746A5706-CF13-47CB-93E1-A18E38A05383}.Release|Any CPU.ActiveCfg = Release|iPhone
		{746A5706-CF13-47CB-93E1-A18E38A05383}.Release|Any CPU.Build.0 = Release|iPhone
		{746A5706-CF13-47CB-93E1-A18E38A05383}.Release|ARM.ActiveCfg = Release|iPhone
		{746A5706-CF13-47CB-93E1-A18E38A05383}.Release|ARM.Build.0 = Release|iPhone
		{746A5706-CF13-47CB-93E1-A18E38A05383}.Release|iPhone.ActiveCfg = Release|iPhone
		{746A5706-CF13-47CB-93E1-A18E38A05383}.Release|iPhone.Build.0 = Release|iPhone
		{746A5706-CF13-47CB-93E1-A18E38A05383}.Release|iPhoneSimulator.ActiveCfg = Release|iPhoneSimulator
		{746A5706-CF13-47CB-93E1-A18E38A05383}.Release|iPhoneSimulator.Build.0 = Release|iPhoneSimulator
		{746A5706-CF13-47CB-93E1-A18E38A05383}.Release|x64.ActiveCfg = Release|iPhone
		{746A5706-CF13-47CB-93E1-A18E38A05383}.Release|x64.Build.0 = Release|iPhone
		{746A5706-CF13-47CB-93E1-A18E38A05383}.Release|x86.ActiveCfg = Release|iPhone
		{746A5706-CF13-47CB-93E1-A18E38A05383}.Release|x86.Build.0 = Release|iPhone
		{BE1EE65E-49AA-451B-843C-40477246DB1B}.Ad-Hoc|Any CPU.ActiveCfg = Release|Any CPU
		{BE1EE65E-49AA-451B-843C-40477246DB1B}.Ad-Hoc|Any CPU.Build.0 = Release|Any CPU
		{BE1EE65E-49AA-451B-843C-40477246DB1B}.Ad-Hoc|ARM.ActiveCfg = Release|Any CPU
		{BE1EE65E-49AA-451B-843C-40477246DB1B}.Ad-Hoc|ARM.Build.0 = Release|Any CPU
		{BE1EE65E-49AA-451B-843C-40477246DB1B}.Ad-Hoc|iPhone.ActiveCfg = Release|Any CPU
		{BE1EE65E-49AA-451B-843C-40477246DB1B}.Ad-Hoc|iPhone.Build.0 = Release|Any CPU
		{BE1EE65E-49AA-451B-843C-40477246DB1B}.Ad-Hoc|iPhoneSimulator.ActiveCfg = Release|Any CPU
		{BE1EE65E-49AA-451B-843C-40477246DB1B}.Ad-Hoc|iPhoneSimulator.Build.0 = Release|Any CPU
		{BE1EE65E-49AA-451B-843C-40477246DB1B}.Ad-Hoc|x64.ActiveCfg = Release|Any CPU
		{BE1EE65E-49AA-451B-843C-40477246DB1B}.Ad-Hoc|x64.Build.0 = Release|Any CPU
		{BE1EE65E-49AA-451B-843C-40477246DB1B}.Ad-Hoc|x86.ActiveCfg = Release|Any CPU
		{BE1EE65E-49AA-451B-843C-40477246DB1B}.Ad-Hoc|x86.Build.0 = Release|Any CPU
		{BE1EE65E-49AA-451B-843C-40477246DB1B}.AppStore|Any CPU.ActiveCfg = Release|Any CPU
		{BE1EE65E-49AA-451B-843C-40477246DB1B}.AppStore|Any CPU.Build.0 = Release|Any CPU
		{BE1EE65E-49AA-451B-843C-40477246DB1B}.AppStore|ARM.ActiveCfg = Release|Any CPU
		{BE1EE65E-49AA-451B-843C-40477246DB1B}.AppStore|ARM.Build.0 = Release|Any CPU
		{BE1EE65E-49AA-451B-843C-40477246DB1B}.AppStore|iPhone.ActiveCfg = Release|Any CPU
		{BE1EE65E-49AA-451B-843C-40477246DB1B}.AppStore|iPhone.Build.0 = Release|Any CPU
		{BE1EE65E-49AA-451B-843C-40477246DB1B}.AppStore|iPhoneSimulator.ActiveCfg = Release|Any CPU
		{BE1EE65E-49AA-451B-843C-40477246DB1B}.AppStore|iPhoneSimulator.Build.0 = Release|Any CPU
		{BE1EE65E-49AA-451B-843C-40477246DB1B}.AppStore|x64.ActiveCfg = Release|Any CPU
		{BE1EE65E-49AA-451B-843C-40477246DB1B}.AppStore|x64.Build.0 = Release|Any CPU
		{BE1EE65E-49AA-451B-843C-40477246DB1B}.AppStore|x86.ActiveCfg = Release|Any CPU
		{BE1EE65E-49AA-451B-843C-40477246DB1B}.AppStore|x86.Build.0 = Release|Any CPU
		{BE1EE65E-49AA-451B-843C-40477246DB1B}.Debug|Any CPU.ActiveCfg = Debug|Any CPU
		{BE1EE65E-49AA-451B-843C-40477246DB1B}.Debug|Any CPU.Build.0 = Debug|Any CPU
		{BE1EE65E-49AA-451B-843C-40477246DB1B}.Debug|ARM.ActiveCfg = Debug|Any CPU
		{BE1EE65E-49AA-451B-843C-40477246DB1B}.Debug|ARM.Build.0 = Debug|Any CPU
		{BE1EE65E-49AA-451B-843C-40477246DB1B}.Debug|iPhone.ActiveCfg = Debug|Any CPU
		{BE1EE65E-49AA-451B-843C-40477246DB1B}.Debug|iPhone.Build.0 = Debug|Any CPU
		{BE1EE65E-49AA-451B-843C-40477246DB1B}.Debug|iPhoneSimulator.ActiveCfg = Debug|Any CPU
		{BE1EE65E-49AA-451B-843C-40477246DB1B}.Debug|iPhoneSimulator.Build.0 = Debug|Any CPU
		{BE1EE65E-49AA-451B-843C-40477246DB1B}.Debug|x64.ActiveCfg = Debug|Any CPU
		{BE1EE65E-49AA-451B-843C-40477246DB1B}.Debug|x64.Build.0 = Debug|Any CPU
		{BE1EE65E-49AA-451B-843C-40477246DB1B}.Debug|x86.ActiveCfg = Debug|Any CPU
		{BE1EE65E-49AA-451B-843C-40477246DB1B}.Debug|x86.Build.0 = Debug|Any CPU
		{BE1EE65E-49AA-451B-843C-40477246DB1B}.Release|Any CPU.ActiveCfg = Release|Any CPU
		{BE1EE65E-49AA-451B-843C-40477246DB1B}.Release|Any CPU.Build.0 = Release|Any CPU
		{BE1EE65E-49AA-451B-843C-40477246DB1B}.Release|ARM.ActiveCfg = Release|Any CPU
		{BE1EE65E-49AA-451B-843C-40477246DB1B}.Release|ARM.Build.0 = Release|Any CPU
		{BE1EE65E-49AA-451B-843C-40477246DB1B}.Release|iPhone.ActiveCfg = Release|Any CPU
		{BE1EE65E-49AA-451B-843C-40477246DB1B}.Release|iPhone.Build.0 = Release|Any CPU
		{BE1EE65E-49AA-451B-843C-40477246DB1B}.Release|iPhoneSimulator.ActiveCfg = Release|Any CPU
		{BE1EE65E-49AA-451B-843C-40477246DB1B}.Release|iPhoneSimulator.Build.0 = Release|Any CPU
		{BE1EE65E-49AA-451B-843C-40477246DB1B}.Release|x64.ActiveCfg = Release|Any CPU
		{BE1EE65E-49AA-451B-843C-40477246DB1B}.Release|x64.Build.0 = Release|Any CPU
		{BE1EE65E-49AA-451B-843C-40477246DB1B}.Release|x86.ActiveCfg = Release|Any CPU
		{BE1EE65E-49AA-451B-843C-40477246DB1B}.Release|x86.Build.0 = Release|Any CPU
		{D651CAE5-40D5-4645-AC67-9276422FFAAF}.Ad-Hoc|Any CPU.ActiveCfg = Release|Any CPU
		{D651CAE5-40D5-4645-AC67-9276422FFAAF}.Ad-Hoc|Any CPU.Build.0 = Release|Any CPU
		{D651CAE5-40D5-4645-AC67-9276422FFAAF}.Ad-Hoc|ARM.ActiveCfg = Release|Any CPU
		{D651CAE5-40D5-4645-AC67-9276422FFAAF}.Ad-Hoc|ARM.Build.0 = Release|Any CPU
		{D651CAE5-40D5-4645-AC67-9276422FFAAF}.Ad-Hoc|iPhone.ActiveCfg = Release|Any CPU
		{D651CAE5-40D5-4645-AC67-9276422FFAAF}.Ad-Hoc|iPhone.Build.0 = Release|Any CPU
		{D651CAE5-40D5-4645-AC67-9276422FFAAF}.Ad-Hoc|iPhoneSimulator.ActiveCfg = Release|Any CPU
		{D651CAE5-40D5-4645-AC67-9276422FFAAF}.Ad-Hoc|iPhoneSimulator.Build.0 = Release|Any CPU
		{D651CAE5-40D5-4645-AC67-9276422FFAAF}.Ad-Hoc|x64.ActiveCfg = Release|Any CPU
		{D651CAE5-40D5-4645-AC67-9276422FFAAF}.Ad-Hoc|x64.Build.0 = Release|Any CPU
		{D651CAE5-40D5-4645-AC67-9276422FFAAF}.Ad-Hoc|x86.ActiveCfg = Release|Any CPU
		{D651CAE5-40D5-4645-AC67-9276422FFAAF}.Ad-Hoc|x86.Build.0 = Release|Any CPU
		{D651CAE5-40D5-4645-AC67-9276422FFAAF}.AppStore|Any CPU.ActiveCfg = Release|Any CPU
		{D651CAE5-40D5-4645-AC67-9276422FFAAF}.AppStore|Any CPU.Build.0 = Release|Any CPU
		{D651CAE5-40D5-4645-AC67-9276422FFAAF}.AppStore|ARM.ActiveCfg = Release|Any CPU
		{D651CAE5-40D5-4645-AC67-9276422FFAAF}.AppStore|ARM.Build.0 = Release|Any CPU
		{D651CAE5-40D5-4645-AC67-9276422FFAAF}.AppStore|iPhone.ActiveCfg = Release|Any CPU
		{D651CAE5-40D5-4645-AC67-9276422FFAAF}.AppStore|iPhone.Build.0 = Release|Any CPU
		{D651CAE5-40D5-4645-AC67-9276422FFAAF}.AppStore|iPhoneSimulator.ActiveCfg = Release|Any CPU
		{D651CAE5-40D5-4645-AC67-9276422FFAAF}.AppStore|iPhoneSimulator.Build.0 = Release|Any CPU
		{D651CAE5-40D5-4645-AC67-9276422FFAAF}.AppStore|x64.ActiveCfg = Release|Any CPU
		{D651CAE5-40D5-4645-AC67-9276422FFAAF}.AppStore|x64.Build.0 = Release|Any CPU
		{D651CAE5-40D5-4645-AC67-9276422FFAAF}.AppStore|x86.ActiveCfg = Release|Any CPU
		{D651CAE5-40D5-4645-AC67-9276422FFAAF}.AppStore|x86.Build.0 = Release|Any CPU
		{D651CAE5-40D5-4645-AC67-9276422FFAAF}.Debug|Any CPU.ActiveCfg = Debug|Any CPU
		{D651CAE5-40D5-4645-AC67-9276422FFAAF}.Debug|Any CPU.Build.0 = Debug|Any CPU
		{D651CAE5-40D5-4645-AC67-9276422FFAAF}.Debug|ARM.ActiveCfg = Debug|Any CPU
		{D651CAE5-40D5-4645-AC67-9276422FFAAF}.Debug|ARM.Build.0 = Debug|Any CPU
		{D651CAE5-40D5-4645-AC67-9276422FFAAF}.Debug|iPhone.ActiveCfg = Debug|Any CPU
		{D651CAE5-40D5-4645-AC67-9276422FFAAF}.Debug|iPhone.Build.0 = Debug|Any CPU
		{D651CAE5-40D5-4645-AC67-9276422FFAAF}.Debug|iPhoneSimulator.ActiveCfg = Debug|Any CPU
		{D651CAE5-40D5-4645-AC67-9276422FFAAF}.Debug|iPhoneSimulator.Build.0 = Debug|Any CPU
		{D651CAE5-40D5-4645-AC67-9276422FFAAF}.Debug|x64.ActiveCfg = Debug|Any CPU
		{D651CAE5-40D5-4645-AC67-9276422FFAAF}.Debug|x64.Build.0 = Debug|Any CPU
		{D651CAE5-40D5-4645-AC67-9276422FFAAF}.Debug|x86.ActiveCfg = Debug|Any CPU
		{D651CAE5-40D5-4645-AC67-9276422FFAAF}.Debug|x86.Build.0 = Debug|Any CPU
		{D651CAE5-40D5-4645-AC67-9276422FFAAF}.Release|Any CPU.ActiveCfg = Release|Any CPU
		{D651CAE5-40D5-4645-AC67-9276422FFAAF}.Release|Any CPU.Build.0 = Release|Any CPU
		{D651CAE5-40D5-4645-AC67-9276422FFAAF}.Release|ARM.ActiveCfg = Release|Any CPU
		{D651CAE5-40D5-4645-AC67-9276422FFAAF}.Release|ARM.Build.0 = Release|Any CPU
		{D651CAE5-40D5-4645-AC67-9276422FFAAF}.Release|iPhone.ActiveCfg = Release|Any CPU
		{D651CAE5-40D5-4645-AC67-9276422FFAAF}.Release|iPhone.Build.0 = Release|Any CPU
		{D651CAE5-40D5-4645-AC67-9276422FFAAF}.Release|iPhoneSimulator.ActiveCfg = Release|Any CPU
		{D651CAE5-40D5-4645-AC67-9276422FFAAF}.Release|iPhoneSimulator.Build.0 = Release|Any CPU
		{D651CAE5-40D5-4645-AC67-9276422FFAAF}.Release|x64.ActiveCfg = Release|Any CPU
		{D651CAE5-40D5-4645-AC67-9276422FFAAF}.Release|x64.Build.0 = Release|Any CPU
		{D651CAE5-40D5-4645-AC67-9276422FFAAF}.Release|x86.ActiveCfg = Release|Any CPU
		{D651CAE5-40D5-4645-AC67-9276422FFAAF}.Release|x86.Build.0 = Release|Any CPU
	EndGlobalSection
	GlobalSection(SolutionProperties) = preSolution
		HideSolutionNode = FALSE
	EndGlobalSection
	GlobalSection(ExtensibilityGlobals) = postSolution
		SolutionGuid = {DCF36D3D-3E0D-4A35-BE01-CEEE586725D3}
	EndGlobalSection
EndGlobal
